
Microsoft Visual Studio Solution File, Format Version 12.00
# Visual Studio 15
VisualStudioVersion = 15.0.27004.2009
MinimumVisualStudioVersion = 10.0.40219.1
Project("{9A19103F-16F7-4668-BE54-9A1E7A4F7556}") = "SaarFFmpeg", "SaarFFmpeg\SaarFFmpeg.netcore.csproj", "{AB4CABA1-06E4-4A32-8A15-1FBE20ED5BC6}"
EndProject
Project("{2150E333-8FDC-42A3-9474-1A3956D46DE8}") = "Test", "Test", "{7841373E-43F6-46BA-B6AD-7356308765A2}"
EndProject
Project("{FAE04EC0-301F-11D3-BF4B-00C04F79EFBC}") = "SaarFFmpeg.MemoryTest", "SaarFFmpeg.MemoryTest\SaarFFmpeg.MemoryTest.csproj", "{B5452F85-84D4-4652-88AE-2A20089E4B1F}"
EndProject
Project("{FAE04EC0-301F-11D3-BF4B-00C04F79EFBC}") = "Coolest", "..\Coolest\Coolest\Coolest.csproj", "{A0B6587D-1BEF-439F-8715-A3419EC53568}"
EndProject
Project("{FAE04EC0-301F-11D3-BF4B-00C04F79EFBC}") = "SaarFFmpeg.DecodeVideo", "SaarFFmpeg.VideoTest\SaarFFmpeg.DecodeVideo.csproj", "{FFA14E61-6EA2-4287-B136-7FA71690CB5F}"
EndProject
Project("{FAE04EC0-301F-11D3-BF4B-00C04F79EFBC}") = "SaarFFmpeg.EncodeAudio", "SaarFFmpeg.EncodeAudio\SaarFFmpeg.EncodeAudio.csproj", "{58A5272B-BE3B-44F3-8927-D287219F4075}"
EndProject
Project("{FAE04EC0-301F-11D3-BF4B-00C04F79EFBC}") = "SaarFFmpeg.Remuxer", "SaarFFmpeg.Remuxer\SaarFFmpeg.Remuxer.csproj", "{963FA7DD-9900-40BD-A1FC-DF1420B9B88C}"
EndProject
Project("{FAE04EC0-301F-11D3-BF4B-00C04F79EFBC}") = "SaarFFmpeg.DecodeAudioAndPlay", "SaarFFmpeg.AudioTest\SaarFFmpeg.DecodeAudioAndPlay.csproj", "{BDDF8A10-42FE-49F3-9F87-B2BD7BBB1CCC}"
EndProject
Project("{FAE04EC0-301F-11D3-BF4B-00C04F79EFBC}") = "SaarFFmpeg.EncodeVideo", "SaarFFmpeg.EncodeVideo\SaarFFmpeg.EncodeVideo.csproj", "{CB0DFF74-B100-4E35-81EE-B4C0A1D41A46}"
EndProject
Project("{FAE04EC0-301F-11D3-BF4B-00C04F79EFBC}") = "SaarFFmpeg.GenYuv", "SaarFFmpeg.GenYuv\SaarFFmpeg.GenYuv.csproj", "{3BF6680E-6FEC-4760-911C-58185FC402B4}"
EndProject
Project("{FAE04EC0-301F-11D3-BF4B-00C04F79EFBC}") = "SaarFFmpeg.ConvolverTest", "SaarFFmpeg.ConvolverTest\SaarFFmpeg.ConvolverTest.csproj", "{4FFEFA6E-295D-4900-BE29-A2CF7B85FBF6}"
EndProject
Project("{FAE04EC0-301F-11D3-BF4B-00C04F79EFBC}") = "SaarFFmpeg.FFTWTest", "SaarFFmpeg.FFTWTest\SaarFFmpeg.FFTWTest.csproj", "{EAD981EC-9B4B-4242-8EDD-943A2E79D59F}"
EndProject
Project("{FAE04EC0-301F-11D3-BF4B-00C04F79EFBC}") = "SaarFFmpeg.FFTVisual", "SaarFFmpeg.FFTVisual\SaarFFmpeg.FFTVisual.csproj", "{4748F8D8-33FD-4319-8195-9FA18A484066}"
EndProject
Project("{FAE04EC0-301F-11D3-BF4B-00C04F79EFBC}") = "SaarFFmpeg.H264Output", "SaarFFmpeg.H264Output\SaarFFmpeg.H264Output.csproj", "{64200330-3EA7-4960-8C82-3C35A7E4D09F}"
EndProject
Project("{FAE04EC0-301F-11D3-BF4B-00C04F79EFBC}") = "SaarFFmpeg.RGB2YUV", "SaarFFmpeg.RGB2YUV\SaarFFmpeg.RGB2YUV.csproj", "{D832AE12-9C5D-4E04-83FA-C8C77D693AC4}"
EndProject
Project("{FAE04EC0-301F-11D3-BF4B-00C04F79EFBC}") = "SaarFFmpeg.DecodeHttpStream", "SaarFFmpeg.DecodeHttpStream\SaarFFmpeg.DecodeHttpStream.csproj", "{52729B35-BB64-4B30-B14D-765117389D92}"
EndProject
Project("{FAE04EC0-301F-11D3-BF4B-00C04F79EFBC}") = "SaarFFmpeg.AllCodec", "SaarFFmpeg.AllCodec\SaarFFmpeg.AllCodec.csproj", "{6ED32E28-87F9-4C5B-AFFA-54B2D97AB408}"
EndProject
Project("{FAE04EC0-301F-11D3-BF4B-00C04F79EFBC}") = "SaarFFmpeg.ApiTest", "SaarFFmpeg.ApiTest\SaarFFmpeg.ApiTest.csproj", "{66C0B6BF-C9AD-4303-9736-ECF67BB08075}"
EndProject
Project("{9A19103F-16F7-4668-BE54-9A1E7A4F7556}") = "SaarFFmpeg.ApiTest2", "SaarFFmpeg.ApiTest2\SaarFFmpeg.ApiTest2.csproj", "{50F107A0-49E7-4762-87F0-D7E0F1FDF52C}"
EndProject
Project("{9A19103F-16F7-4668-BE54-9A1E7A4F7556}") = "SaarFFmpeg.ScaleTest", "SaarFFmpeg.ScaleTest\SaarFFmpeg.ScaleTest.csproj", "{8956EE03-1BC2-48D9-9A76-9CBF5C97396B}"
EndProject
Global
	GlobalSection(SolutionConfigurationPlatforms) = preSolution
		Debug|Any CPU = Debug|Any CPU
		Debug|x64 = Debug|x64
		Release|Any CPU = Release|Any CPU
		Release|x64 = Release|x64
	EndGlobalSection
	GlobalSection(ProjectConfigurationPlatforms) = postSolution
		{AB4CABA1-06E4-4A32-8A15-1FBE20ED5BC6}.Debug|Any CPU.ActiveCfg = Debug|Any CPU
		{AB4CABA1-06E4-4A32-8A15-1FBE20ED5BC6}.Debug|Any CPU.Build.0 = Debug|Any CPU
		{AB4CABA1-06E4-4A32-8A15-1FBE20ED5BC6}.Debug|x64.ActiveCfg = Debug|x64
		{AB4CABA1-06E4-4A32-8A15-1FBE20ED5BC6}.Debug|x64.Build.0 = Debug|x64
		{AB4CABA1-06E4-4A32-8A15-1FBE20ED5BC6}.Release|Any CPU.ActiveCfg = Release|Any CPU
		{AB4CABA1-06E4-4A32-8A15-1FBE20ED5BC6}.Release|Any CPU.Build.0 = Release|Any CPU
		{AB4CABA1-06E4-4A32-8A15-1FBE20ED5BC6}.Release|x64.ActiveCfg = Release|x64
		{AB4CABA1-06E4-4A32-8A15-1FBE20ED5BC6}.Release|x64.Build.0 = Release|x64
		{B5452F85-84D4-4652-88AE-2A20089E4B1F}.Debug|Any CPU.ActiveCfg = Debug|Any CPU
		{B5452F85-84D4-4652-88AE-2A20089E4B1F}.Debug|Any CPU.Build.0 = Debug|Any CPU
		{B5452F85-84D4-4652-88AE-2A20089E4B1F}.Debug|x64.ActiveCfg = Debug|x64
		{B5452F85-84D4-4652-88AE-2A20089E4B1F}.Debug|x64.Build.0 = Debug|x64
		{B5452F85-84D4-4652-88AE-2A20089E4B1F}.Release|Any CPU.ActiveCfg = Release|Any CPU
		{B5452F85-84D4-4652-88AE-2A20089E4B1F}.Release|Any CPU.Build.0 = Release|Any CPU
		{B5452F85-84D4-4652-88AE-2A20089E4B1F}.Release|x64.ActiveCfg = Release|x64
		{B5452F85-84D4-4652-88AE-2A20089E4B1F}.Release|x64.Build.0 = Release|x64
		{A0B6587D-1BEF-439F-8715-A3419EC53568}.Debug|Any CPU.ActiveCfg = Debug|Any CPU
		{A0B6587D-1BEF-439F-8715-A3419EC53568}.Debug|Any CPU.Build.0 = Debug|Any CPU
		{A0B6587D-1BEF-439F-8715-A3419EC53568}.Debug|x64.ActiveCfg = Debug|x64
		{A0B6587D-1BEF-439F-8715-A3419EC53568}.Debug|x64.Build.0 = Debug|x64
		{A0B6587D-1BEF-439F-8715-A3419EC53568}.Release|Any CPU.ActiveCfg = Release|Any CPU
		{A0B6587D-1BEF-439F-8715-A3419EC53568}.Release|Any CPU.Build.0 = Release|Any CPU
		{A0B6587D-1BEF-439F-8715-A3419EC53568}.Release|x64.ActiveCfg = Release|x64
		{A0B6587D-1BEF-439F-8715-A3419EC53568}.Release|x64.Build.0 = Release|x64
		{FFA14E61-6EA2-4287-B136-7FA71690CB5F}.Debug|Any CPU.ActiveCfg = Debug|Any CPU
		{FFA14E61-6EA2-4287-B136-7FA71690CB5F}.Debug|Any CPU.Build.0 = Debug|Any CPU
		{FFA14E61-6EA2-4287-B136-7FA71690CB5F}.Debug|x64.ActiveCfg = Debug|x64
		{FFA14E61-6EA2-4287-B136-7FA71690CB5F}.Debug|x64.Build.0 = Debug|x64
		{FFA14E61-6EA2-4287-B136-7FA71690CB5F}.Release|Any CPU.ActiveCfg = Release|Any CPU
		{FFA14E61-6EA2-4287-B136-7FA71690CB5F}.Release|Any CPU.Build.0 = Release|Any CPU
		{FFA14E61-6EA2-4287-B136-7FA71690CB5F}.Release|x64.ActiveCfg = Release|x64
		{FFA14E61-6EA2-4287-B136-7FA71690CB5F}.Release|x64.Build.0 = Release|x64
		{58A5272B-BE3B-44F3-8927-D287219F4075}.Debug|Any CPU.ActiveCfg = Debug|Any CPU
		{58A5272B-BE3B-44F3-8927-D287219F4075}.Debug|Any CPU.Build.0 = Debug|Any CPU
		{58A5272B-BE3B-44F3-8927-D287219F4075}.Debug|x64.ActiveCfg = Debug|x64
		{58A5272B-BE3B-44F3-8927-D287219F4075}.Debug|x64.Build.0 = Debug|x64
		{58A5272B-BE3B-44F3-8927-D287219F4075}.Release|Any CPU.ActiveCfg = Release|Any CPU
		{58A5272B-BE3B-44F3-8927-D287219F4075}.Release|Any CPU.Build.0 = Release|Any CPU
		{58A5272B-BE3B-44F3-8927-D287219F4075}.Release|x64.ActiveCfg = Release|x64
		{58A5272B-BE3B-44F3-8927-D287219F4075}.Release|x64.Build.0 = Release|x64
		{963FA7DD-9900-40BD-A1FC-DF1420B9B88C}.Debug|Any CPU.ActiveCfg = Debug|Any CPU
		{963FA7DD-9900-40BD-A1FC-DF1420B9B88C}.Debug|Any CPU.Build.0 = Debug|Any CPU
		{963FA7DD-9900-40BD-A1FC-DF1420B9B88C}.Debug|x64.ActiveCfg = Debug|x64
		{963FA7DD-9900-40BD-A1FC-DF1420B9B88C}.Debug|x64.Build.0 = Debug|x64
		{963FA7DD-9900-40BD-A1FC-DF1420B9B88C}.Release|Any CPU.ActiveCfg = Release|Any CPU
		{963FA7DD-9900-40BD-A1FC-DF1420B9B88C}.Release|Any CPU.Build.0 = Release|Any CPU
		{963FA7DD-9900-40BD-A1FC-DF1420B9B88C}.Release|x64.ActiveCfg = Release|x64
		{963FA7DD-9900-40BD-A1FC-DF1420B9B88C}.Release|x64.Build.0 = Release|x64
		{BDDF8A10-42FE-49F3-9F87-B2BD7BBB1CCC}.Debug|Any CPU.ActiveCfg = Debug|Any CPU
		{BDDF8A10-42FE-49F3-9F87-B2BD7BBB1CCC}.Debug|Any CPU.Build.0 = Debug|Any CPU
		{BDDF8A10-42FE-49F3-9F87-B2BD7BBB1CCC}.Debug|x64.ActiveCfg = Debug|x64
		{BDDF8A10-42FE-49F3-9F87-B2BD7BBB1CCC}.Debug|x64.Build.0 = Debug|x64
		{BDDF8A10-42FE-49F3-9F87-B2BD7BBB1CCC}.Release|Any CPU.ActiveCfg = Release|Any CPU
		{BDDF8A10-42FE-49F3-9F87-B2BD7BBB1CCC}.Release|Any CPU.Build.0 = Release|Any CPU
		{BDDF8A10-42FE-49F3-9F87-B2BD7BBB1CCC}.Release|x64.ActiveCfg = Release|x64
		{BDDF8A10-42FE-49F3-9F87-B2BD7BBB1CCC}.Release|x64.Build.0 = Release|x64
		{CB0DFF74-B100-4E35-81EE-B4C0A1D41A46}.Debug|Any CPU.ActiveCfg = Debug|Any CPU
		{CB0DFF74-B100-4E35-81EE-B4C0A1D41A46}.Debug|Any CPU.Build.0 = Debug|Any CPU
		{CB0DFF74-B100-4E35-81EE-B4C0A1D41A46}.Debug|x64.ActiveCfg = Debug|x64
		{CB0DFF74-B100-4E35-81EE-B4C0A1D41A46}.Debug|x64.Build.0 = Debug|x64
		{CB0DFF74-B100-4E35-81EE-B4C0A1D41A46}.Release|Any CPU.ActiveCfg = Release|Any CPU
		{CB0DFF74-B100-4E35-81EE-B4C0A1D41A46}.Release|Any CPU.Build.0 = Release|Any CPU
		{CB0DFF74-B100-4E35-81EE-B4C0A1D41A46}.Release|x64.ActiveCfg = Release|x64
		{CB0DFF74-B100-4E35-81EE-B4C0A1D41A46}.Release|x64.Build.0 = Release|x64
		{3BF6680E-6FEC-4760-911C-58185FC402B4}.Debug|Any CPU.ActiveCfg = Debug|Any CPU
		{3BF6680E-6FEC-4760-911C-58185FC402B4}.Debug|Any CPU.Build.0 = Debug|Any CPU
		{3BF6680E-6FEC-4760-911C-58185FC402B4}.Debug|x64.ActiveCfg = Debug|x64
		{3BF6680E-6FEC-4760-911C-58185FC402B4}.Debug|x64.Build.0 = Debug|x64
		{3BF6680E-6FEC-4760-911C-58185FC402B4}.Release|Any CPU.ActiveCfg = Release|Any CPU
		{3BF6680E-6FEC-4760-911C-58185FC402B4}.Release|Any CPU.Build.0 = Release|Any CPU
		{3BF6680E-6FEC-4760-911C-58185FC402B4}.Release|x64.ActiveCfg = Release|x64
		{3BF6680E-6FEC-4760-911C-58185FC402B4}.Release|x64.Build.0 = Release|x64
		{4FFEFA6E-295D-4900-BE29-A2CF7B85FBF6}.Debug|Any CPU.ActiveCfg = Debug|Any CPU
		{4FFEFA6E-295D-4900-BE29-A2CF7B85FBF6}.Debug|Any CPU.Build.0 = Debug|Any CPU
		{4FFEFA6E-295D-4900-BE29-A2CF7B85FBF6}.Debug|x64.ActiveCfg = Debug|x64
		{4FFEFA6E-295D-4900-BE29-A2CF7B85FBF6}.Debug|x64.Build.0 = Debug|x64
		{4FFEFA6E-295D-4900-BE29-A2CF7B85FBF6}.Release|Any CPU.ActiveCfg = Release|Any CPU
		{4FFEFA6E-295D-4900-BE29-A2CF7B85FBF6}.Release|Any CPU.Build.0 = Release|Any CPU
		{4FFEFA6E-295D-4900-BE29-A2CF7B85FBF6}.Release|x64.ActiveCfg = Release|x64
		{4FFEFA6E-295D-4900-BE29-A2CF7B85FBF6}.Release|x64.Build.0 = Release|x64
		{EAD981EC-9B4B-4242-8EDD-943A2E79D59F}.Debug|Any CPU.ActiveCfg = Debug|Any CPU
		{EAD981EC-9B4B-4242-8EDD-943A2E79D59F}.Debug|Any CPU.Build.0 = Debug|Any CPU
		{EAD981EC-9B4B-4242-8EDD-943A2E79D59F}.Debug|x64.ActiveCfg = Debug|x64
		{EAD981EC-9B4B-4242-8EDD-943A2E79D59F}.Debug|x64.Build.0 = Debug|x64
		{EAD981EC-9B4B-4242-8EDD-943A2E79D59F}.Release|Any CPU.ActiveCfg = Release|Any CPU
		{EAD981EC-9B4B-4242-8EDD-943A2E79D59F}.Release|Any CPU.Build.0 = Release|Any CPU
		{EAD981EC-9B4B-4242-8EDD-943A2E79D59F}.Release|x64.ActiveCfg = Release|x64
		{EAD981EC-9B4B-4242-8EDD-943A2E79D59F}.Release|x64.Build.0 = Release|x64
		{4748F8D8-33FD-4319-8195-9FA18A484066}.Debug|Any CPU.ActiveCfg = Debug|Any CPU
		{4748F8D8-33FD-4319-8195-9FA18A484066}.Debug|Any CPU.Build.0 = Debug|Any CPU
		{4748F8D8-33FD-4319-8195-9FA18A484066}.Debug|x64.ActiveCfg = Debug|x64
		{4748F8D8-33FD-4319-8195-9FA18A484066}.Debug|x64.Build.0 = Debug|x64
		{4748F8D8-33FD-4319-8195-9FA18A484066}.Release|Any CPU.ActiveCfg = Release|Any CPU
		{4748F8D8-33FD-4319-8195-9FA18A484066}.Release|Any CPU.Build.0 = Release|Any CPU
		{4748F8D8-33FD-4319-8195-9FA18A484066}.Release|x64.ActiveCfg = Release|x64
		{4748F8D8-33FD-4319-8195-9FA18A484066}.Release|x64.Build.0 = Release|x64
		{64200330-3EA7-4960-8C82-3C35A7E4D09F}.Debug|Any CPU.ActiveCfg = Debug|Any CPU
		{64200330-3EA7-4960-8C82-3C35A7E4D09F}.Debug|Any CPU.Build.0 = Debug|Any CPU
		{64200330-3EA7-4960-8C82-3C35A7E4D09F}.Debug|x64.ActiveCfg = Debug|x64
		{64200330-3EA7-4960-8C82-3C35A7E4D09F}.Debug|x64.Build.0 = Debug|x64
		{64200330-3EA7-4960-8C82-3C35A7E4D09F}.Release|Any CPU.ActiveCfg = Release|Any CPU
		{64200330-3EA7-4960-8C82-3C35A7E4D09F}.Release|Any CPU.Build.0 = Release|Any CPU
		{64200330-3EA7-4960-8C82-3C35A7E4D09F}.Release|x64.ActiveCfg = Release|x64
		{64200330-3EA7-4960-8C82-3C35A7E4D09F}.Release|x64.Build.0 = Release|x64
		{D832AE12-9C5D-4E04-83FA-C8C77D693AC4}.Debug|Any CPU.ActiveCfg = Debug|Any CPU
		{D832AE12-9C5D-4E04-83FA-C8C77D693AC4}.Debug|Any CPU.Build.0 = Debug|Any CPU
		{D832AE12-9C5D-4E04-83FA-C8C77D693AC4}.Debug|x64.ActiveCfg = Debug|x64
		{D832AE12-9C5D-4E04-83FA-C8C77D693AC4}.Debug|x64.Build.0 = Debug|x64
		{D832AE12-9C5D-4E04-83FA-C8C77D693AC4}.Release|Any CPU.ActiveCfg = Release|Any CPU
		{D832AE12-9C5D-4E04-83FA-C8C77D693AC4}.Release|Any CPU.Build.0 = Release|Any CPU
		{D832AE12-9C5D-4E04-83FA-C8C77D693AC4}.Release|x64.ActiveCfg = Release|x64
		{D832AE12-9C5D-4E04-83FA-C8C77D693AC4}.Release|x64.Build.0 = Release|x64
		{52729B35-BB64-4B30-B14D-765117389D92}.Debug|Any CPU.ActiveCfg = Debug|Any CPU
		{52729B35-BB64-4B30-B14D-765117389D92}.Debug|Any CPU.Build.0 = Debug|Any CPU
		{52729B35-BB64-4B30-B14D-765117389D92}.Debug|x64.ActiveCfg = Debug|x64
		{52729B35-BB64-4B30-B14D-765117389D92}.Debug|x64.Build.0 = Debug|x64
		{52729B35-BB64-4B30-B14D-765117389D92}.Release|Any CPU.ActiveCfg = Release|Any CPU
		{52729B35-BB64-4B30-B14D-765117389D92}.Release|Any CPU.Build.0 = Release|Any CPU
		{52729B35-BB64-4B30-B14D-765117389D92}.Release|x64.ActiveCfg = Release|x64
		{52729B35-BB64-4B30-B14D-765117389D92}.Release|x64.Build.0 = Release|x64
		{6ED32E28-87F9-4C5B-AFFA-54B2D97AB408}.Debug|Any CPU.ActiveCfg = Debug|Any CPU
		{6ED32E28-87F9-4C5B-AFFA-54B2D97AB408}.Debug|Any CPU.Build.0 = Debug|Any CPU
		{6ED32E28-87F9-4C5B-AFFA-54B2D97AB408}.Debug|x64.ActiveCfg = Debug|x64
		{6ED32E28-87F9-4C5B-AFFA-54B2D97AB408}.Debug|x64.Build.0 = Debug|x64
		{6ED32E28-87F9-4C5B-AFFA-54B2D97AB408}.Release|Any CPU.ActiveCfg = Release|Any CPU
		{6ED32E28-87F9-4C5B-AFFA-54B2D97AB408}.Release|Any CPU.Build.0 = Release|Any CPU
		{6ED32E28-87F9-4C5B-AFFA-54B2D97AB408}.Release|x64.ActiveCfg = Release|x64
		{6ED32E28-87F9-4C5B-AFFA-54B2D97AB408}.Release|x64.Build.0 = Release|x64
		{66C0B6BF-C9AD-4303-9736-ECF67BB08075}.Debug|Any CPU.ActiveCfg = Debug|Any CPU
		{66C0B6BF-C9AD-4303-9736-ECF67BB08075}.Debug|Any CPU.Build.0 = Debug|Any CPU
		{66C0B6BF-C9AD-4303-9736-ECF67BB08075}.Debug|x64.ActiveCfg = Debug|x64
		{66C0B6BF-C9AD-4303-9736-ECF67BB08075}.Debug|x64.Build.0 = Debug|x64
		{66C0B6BF-C9AD-4303-9736-ECF67BB08075}.Release|Any CPU.ActiveCfg = Release|Any CPU
		{66C0B6BF-C9AD-4303-9736-ECF67BB08075}.Release|Any CPU.Build.0 = Release|Any CPU
		{66C0B6BF-C9AD-4303-9736-ECF67BB08075}.Release|x64.ActiveCfg = Release|x64
		{66C0B6BF-C9AD-4303-9736-ECF67BB08075}.Release|x64.Build.0 = Release|x64
		{50F107A0-49E7-4762-87F0-D7E0F1FDF52C}.Debug|Any CPU.ActiveCfg = Debug|Any CPU
		{50F107A0-49E7-4762-87F0-D7E0F1FDF52C}.Debug|Any CPU.Build.0 = Debug|Any CPU
		{50F107A0-49E7-4762-87F0-D7E0F1FDF52C}.Debug|x64.ActiveCfg = Debug|x64
		{50F107A0-49E7-4762-87F0-D7E0F1FDF52C}.Debug|x64.Build.0 = Debug|x64
		{50F107A0-49E7-4762-87F0-D7E0F1FDF52C}.Release|Any CPU.ActiveCfg = Release|Any CPU
		{50F107A0-49E7-4762-87F0-D7E0F1FDF52C}.Release|Any CPU.Build.0 = Release|Any CPU
		{50F107A0-49E7-4762-87F0-D7E0F1FDF52C}.Release|x64.ActiveCfg = Release|x64
		{50F107A0-49E7-4762-87F0-D7E0F1FDF52C}.Release|x64.Build.0 = Release|x64
		{8956EE03-1BC2-48D9-9A76-9CBF5C97396B}.Debug|Any CPU.ActiveCfg = Debug|Any CPU
		{8956EE03-1BC2-48D9-9A76-9CBF5C97396B}.Debug|Any CPU.Build.0 = Debug|Any CPU
		{8956EE03-1BC2-48D9-9A76-9CBF5C97396B}.Debug|x64.ActiveCfg = Debug|Any CPU
		{8956EE03-1BC2-48D9-9A76-9CBF5C97396B}.Debug|x64.Build.0 = Debug|Any CPU
		{8956EE03-1BC2-48D9-9A76-9CBF5C97396B}.Release|Any CPU.ActiveCfg = Release|Any CPU
		{8956EE03-1BC2-48D9-9A76-9CBF5C97396B}.Release|Any CPU.Build.0 = Release|Any CPU
		{8956EE03-1BC2-48D9-9A76-9CBF5C97396B}.Release|x64.ActiveCfg = Release|x64
		{8956EE03-1BC2-48D9-9A76-9CBF5C97396B}.Release|x64.Build.0 = Release|x64
	EndGlobalSection
	GlobalSection(SolutionProperties) = preSolution
		HideSolutionNode = FALSE
	EndGlobalSection
	GlobalSection(NestedProjects) = preSolution
		{B5452F85-84D4-4652-88AE-2A20089E4B1F} = {7841373E-43F6-46BA-B6AD-7356308765A2}
		{A0B6587D-1BEF-439F-8715-A3419EC53568} = {7841373E-43F6-46BA-B6AD-7356308765A2}
		{FFA14E61-6EA2-4287-B136-7FA71690CB5F} = {7841373E-43F6-46BA-B6AD-7356308765A2}
		{58A5272B-BE3B-44F3-8927-D287219F4075} = {7841373E-43F6-46BA-B6AD-7356308765A2}
		{963FA7DD-9900-40BD-A1FC-DF1420B9B88C} = {7841373E-43F6-46BA-B6AD-7356308765A2}
		{BDDF8A10-42FE-49F3-9F87-B2BD7BBB1CCC} = {7841373E-43F6-46BA-B6AD-7356308765A2}
		{CB0DFF74-B100-4E35-81EE-B4C0A1D41A46} = {7841373E-43F6-46BA-B6AD-7356308765A2}
		{3BF6680E-6FEC-4760-911C-58185FC402B4} = {7841373E-43F6-46BA-B6AD-7356308765A2}
		{4FFEFA6E-295D-4900-BE29-A2CF7B85FBF6} = {7841373E-43F6-46BA-B6AD-7356308765A2}
		{EAD981EC-9B4B-4242-8EDD-943A2E79D59F} = {7841373E-43F6-46BA-B6AD-7356308765A2}
		{4748F8D8-33FD-4319-8195-9FA18A484066} = {7841373E-43F6-46BA-B6AD-7356308765A2}
		{64200330-3EA7-4960-8C82-3C35A7E4D09F} = {7841373E-43F6-46BA-B6AD-7356308765A2}
		{D832AE12-9C5D-4E04-83FA-C8C77D693AC4} = {7841373E-43F6-46BA-B6AD-7356308765A2}
		{52729B35-BB64-4B30-B14D-765117389D92} = {7841373E-43F6-46BA-B6AD-7356308765A2}
		{6ED32E28-87F9-4C5B-AFFA-54B2D97AB408} = {7841373E-43F6-46BA-B6AD-7356308765A2}
		{66C0B6BF-C9AD-4303-9736-ECF67BB08075} = {7841373E-43F6-46BA-B6AD-7356308765A2}
		{50F107A0-49E7-4762-87F0-D7E0F1FDF52C} = {7841373E-43F6-46BA-B6AD-7356308765A2}
		{8956EE03-1BC2-48D9-9A76-9CBF5C97396B} = {7841373E-43F6-46BA-B6AD-7356308765A2}
	EndGlobalSection
	GlobalSection(ExtensibilityGlobals) = postSolution
		SolutionGuid = {06E3976E-161F-476A-AC7F-05BF84D87E7A}
	EndGlobalSection
EndGlobal
